github.com/cplieger/atomicfile v1.0.0 h1:a5OI9LWwQT2rYwBv2HB632dM0ktroA/o1d3eXDbQqtI=
github.com/cplieger/atomicfile v1.0.0/go.mod h1:V9XmBWRC+keTJQk7I4pMGNXJBt5MMcoXrZUFKQR6PnE=
github.com/cplieger/health v1.0.0 h1:mevbZo10XtMAzfWaYoi6UrcGooFgHJvlhIJwbNQIVoM=
github.com/cplieger/health v1.0.0/go.mod h1:INjkN9qJnR14X5AFqX6ymFaHvx51djYgk2oQb/gJ9u8=
github.com/fsnotify/fsnotify v1.10.1 h1:b0/UzAf9yR5rhf3RPm9gf3ehBPpf0oZKIjtpKrx59Ho=
github.com/fsnotify/fsnotify v1.10.1/go.mod h1:TLheqan6HD6GBK6PrDWyDPBaEV8LspOxvPSjC+bVfgo=
golang.org/x/crypto v0.45.0 h1:jMBrvKuj23MTlT0bQEOBcAE0mjg8mK9RXFhRH6nyF3Q=
golang.org/x/crypto v0.45.0/go.mod h1:XTGrrkGJve7CYK7J8PEww4aY7gM3qMCElcJQ8n8JdX4=
golang.org/x/sys v0.38.0 h1:3yZWxaJjBmCWXqhN1qh02AkOnCQ1poK6oF+a7xWL6Gc=
golang.org/x/sys v0.38.0/go.mod h1:OgkHotnGiDImocRcuBABYBEXf8A9a87e/uXjp9XT3ks=
pgregory.net/rapid v1.3.0 h1:vBvO0VSqti75J1jjYqpgPNBLKMd1+gxa9fYo7vk/Exc=
pgregory.net/rapid v1.3.0/go.mod h1:dPlE4OBBxgXPqkP79flB6sJL1dx5azpI7HQ9MY9Z7uk=
software.sslmate.com/src/go-pkcs12 v0.7.1 h1:bxkUPRsvTPNRBZa4M/aSX4PyMOEbq3V8I6hbkG4F4Q8=
software.sslmate.com/src/go-pkcs12 v0.7.1/go.mod h1:Qiz0EyvDRJjjxGyUQa2cCNZn/wMyzrRJ/qcDXOQazLI=
